
Microsoft Visual Studio Solution File, Format Version 12.00
# Visual Studio Version 16
VisualStudioVersion = 25.0.1705.3
MinimumVisualStudioVersion = 10.0.40219.1
Project("{FAE04EC0-301F-11D3-BF4B-00C04F79EFBC}") = "TurnBasedCombat", "TurnBasedCombat\TurnBasedCombat.csproj", "{FAF1B848-3505-435B-A957-7DDAC15CE48A}"
EndProject
Global
	GlobalSection(SolutionConfigurationPlatforms) = preSolution
		Debug|Any CPU = Debug|Any CPU
		Release|Any CPU = Release|Any CPU
	EndGlobalSection
	GlobalSection(ProjectConfigurationPlatforms) = postSolution
		{FAF1B848-3505-435B-A957-7DDAC15CE48A}.Debug|Any CPU.ActiveCfg = Debug|Any CPU
		{FAF1B848-3505-435B-A957-7DDAC15CE48A}.Debug|Any CPU.Build.0 = Debug|Any CPU
		{FAF1B848-3505-435B-A957-7DDAC15CE48A}.Release|Any CPU.ActiveCfg = Release|Any CPU
		{FAF1B848-3505-435B-A957-7DDAC15CE48A}.Release|Any CPU.Build.0 = Release|Any CPU
	EndGlobalSection
	GlobalSection(SolutionProperties) = preSolution
		HideSolutionNode = FALSE
	EndGlobalSection
	GlobalSection(ExtensibilityGlobals) = postSolution
		SolutionGuid = {DB7648A8-5CCC-4851-8105-94FE2FE60F00}
	EndGlobalSection
EndGlobal
